<?xml version="1.0" encoding="utf-8"?>
<Project ToolsVersion="4.0" xmlns="http://schemas.microsoft.com/developer/msbuild/2003">
  <ItemGroup>
    <Filter Include="include">
      <UniqueIdentifier>{3e4f446a-454f-44d4-854f-0a2c0f4f5323}</UniqueIdentifier>
    </Filter>
    <Filter Include="include\Compiler">
      <UniqueIdentifier>{6a34df66-6a9e-47ce-823f-60f2b23ae0aa}</UniqueIdentifier>
    </Filter>
    <Filter Include="include\Cpp">
      <UniqueIdentifier>{21d02770-6d54-4bc7-9e2f-a80814dc3b34}</UniqueIdentifier>
    </Filter>
    <Filter Include="include\C">
      <UniqueIdentifier>{b321dbf6-6c3e-4b9e-b747-2a1e08589891}</UniqueIdentifier>
    </Filter>
    <Filter Include="include\Common">
      <UniqueIdentifier>{ade7fa4a-4753-436a-93b0-189b838fd498}</UniqueIdentifier>
    </Filter>
    <Filter Include="sources">
      <UniqueIdentifier>{03cefe67-e551-41d4-aa29-8cd50de6ce3b}</UniqueIdentifier>
    </Filter>
    <Filter Include="sources\extra">
      <UniqueIdentifier>{83cf51a1-93ef-4ef1-a26c-14ba10abb81d}</UniqueIdentifier>
    </Filter>
    <Filter Include="sources\import">
      <UniqueIdentifier>{2f3315e2-a47f-47b2-af72-50700070f67b}</UniqueIdentifier>
    </Filter>
    <Filter Include="sources\import\3ds">
      <UniqueIdentifier>{72cbd117-8e12-4ce6-8641-4c4c4d00820a}</UniqueIdentifier>
    </Filter>
    <Filter Include="sources\import\ase">
      <UniqueIdentifier>{80b2ce3b-0cd9-4bd9-b259-52776600356b}</UniqueIdentifier>
    </Filter>
    <Filter Include="sources\import\hmp">
      <UniqueIdentifier>{5191df8a-3b32-4bd8-a407-a559e97b1f8d}</UniqueIdentifier>
    </Filter>
    <Filter Include="sources\import\lwo">
      <UniqueIdentifier>{3fe11fab-c869-45d3-a1cb-d7eab5f62c45}</UniqueIdentifier>
    </Filter>
    <Filter Include="sources\import\md3">
      <UniqueIdentifier>{a4622c68-177f-4b44-ae35-8af812473d5c}</UniqueIdentifier>
    </Filter>
    <Filter Include="sources\import\md5">
      <UniqueIdentifier>{9338a85e-fd1c-4893-a735-030e7d9c1d36}</UniqueIdentifier>
    </Filter>
    <Filter Include="sources\import\mdc">
      <UniqueIdentifier>{614c1ea4-c6e7-4473-8065-41ecf8d3cbca}</UniqueIdentifier>
    </Filter>
    <Filter Include="sources\import\mdl">
      <UniqueIdentifier>{ac56766f-fa21-4172-a62a-4e733e557bfa}</UniqueIdentifier>
    </Filter>
    <Filter Include="sources\import\obj">
      <UniqueIdentifier>{76350393-b42b-4c36-89f4-9f5fe158ff32}</UniqueIdentifier>
    </Filter>
    <Filter Include="sources\import\ply">
      <UniqueIdentifier>{bd0e9288-47cb-479a-ac44-aa1b5d19c121}</UniqueIdentifier>
    </Filter>
    <Filter Include="sources\import\smd">
      <UniqueIdentifier>{fee7d20b-f6a6-4b13-aa15-ddaa4e4e05fc}</UniqueIdentifier>
    </Filter>
    <Filter Include="sources\import\stl">
      <UniqueIdentifier>{e58544a2-383d-4f60-89f3-7e2c0570a8f2}</UniqueIdentifier>
    </Filter>
    <Filter Include="sources\import\x">
      <UniqueIdentifier>{a279730c-499d-4283-b12f-8dbf8e5ecf73}</UniqueIdentifier>
    </Filter>
    <Filter Include="sources\import\dxf">
      <UniqueIdentifier>{575fb43c-c8ad-46a3-89ed-0b5cb2af22e5}</UniqueIdentifier>
    </Filter>
    <Filter Include="sources\import\raw">
      <UniqueIdentifier>{61ccc8b3-56a6-42c1-b619-dc343e83d062}</UniqueIdentifier>
    </Filter>
    <Filter Include="sources\import\nff">
      <UniqueIdentifier>{f6dc5791-a149-423e-ab8a-0f44c13f9054}</UniqueIdentifier>
    </Filter>
    <Filter Include="sources\import\off">
      <UniqueIdentifier>{7f86209e-4aa3-4214-861a-5b459fd10ce6}</UniqueIdentifier>
    </Filter>
    <Filter Include="sources\import\ac">
      <UniqueIdentifier>{8c85a583-2dcd-40ab-8eef-533025dadd14}</UniqueIdentifier>
    </Filter>
    <Filter Include="sources\import\lws">
      <UniqueIdentifier>{6b47918d-18ab-40bc-aebc-1b374617a9ba}</UniqueIdentifier>
    </Filter>
    <Filter Include="sources\import\lws\md2">
      <UniqueIdentifier>{33852cfa-894e-4eb0-92c7-cb8b43f28d81}</UniqueIdentifier>
    </Filter>
    <Filter Include="sources\import\bvh">
      <UniqueIdentifier>{163265b4-d5b4-4788-9399-04811a0e9a26}</UniqueIdentifier>
    </Filter>
    <Filter Include="sources\import\irrmesh">
      <UniqueIdentifier>{263b2748-f9e8-4ef4-ade4-3b44168ba490}</UniqueIdentifier>
    </Filter>
    <Filter Include="sources\import\irr">
      <UniqueIdentifier>{0a94d7cf-66f6-430c-8758-26a216cb3de4}</UniqueIdentifier>
    </Filter>
    <Filter Include="sources\import\q3d">
      <UniqueIdentifier>{4bf91e1d-daea-4bcf-8831-fb2aedecfb4b}</UniqueIdentifier>
    </Filter>
    <Filter Include="sources\import\b3d">
      <UniqueIdentifier>{287fc2fe-052d-4956-bf56-97559cf6129a}</UniqueIdentifier>
    </Filter>
    <Filter Include="sources\import\collada">
      <UniqueIdentifier>{08933d8d-699b-459a-8f5c-d64d4c7595cc}</UniqueIdentifier>
    </Filter>
    <Filter Include="sources\import\ter">
      <UniqueIdentifier>{51aed77c-485c-485c-b101-af08837445fe}</UniqueIdentifier>
    </Filter>
    <Filter Include="sources\import\csm">
      <UniqueIdentifier>{c7652bea-76ea-41eb-9f34-99a1c5af5d32}</UniqueIdentifier>
    </Filter>
    <Filter Include="sources\import\unreal">
      <UniqueIdentifier>{9f20d89f-574f-453c-973a-3ea770d6acda}</UniqueIdentifier>
    </Filter>
    <Filter Include="sources\import\ndo">
      <UniqueIdentifier>{6c455b5f-0671-4d81-8a28-099737df5a3d}</UniqueIdentifier>
    </Filter>
    <Filter Include="sources\import\ogre">
      <UniqueIdentifier>{d0ae3a3c-b9f6-4f54-be0b-7ce4affb9750}</UniqueIdentifier>
    </Filter>
    <Filter Include="sources\import\ms3d">
      <UniqueIdentifier>{30f5b22b-bd1b-47a7-80e2-9df13693021c}</UniqueIdentifier>
    </Filter>
    <Filter Include="sources\import\cob">
      <UniqueIdentifier>{7a20d3d8-80a9-423a-9510-d2b20a02f54e}</UniqueIdentifier>
    </Filter>
    <Filter Include="sources\import\blend">
      <UniqueIdentifier>{0575dd2e-07b9-4f47-be12-2d4779be5d44}</UniqueIdentifier>
    </Filter>
    <Filter Include="sources\import\q3bsp">
      <UniqueIdentifier>{f2ac75f4-8d04-4d58-8bd0-26a1d7153e31}</UniqueIdentifier>
    </Filter>
    <Filter Include="sources\process">
      <UniqueIdentifier>{6d74fcdd-6403-4b9e-b594-6b0dc25ddac0}</UniqueIdentifier>
    </Filter>
    <Filter Include="sources\pch">
      <UniqueIdentifier>{b87b8ba8-c15a-443c-80ef-9108c1496f7a}</UniqueIdentifier>
    </Filter>
    <Filter Include="sources\logging">
      <UniqueIdentifier>{0da9073d-e5e5-4238-9e12-e8a16248367b}</UniqueIdentifier>
    </Filter>
    <Filter Include="sources\fs">
      <UniqueIdentifier>{04d5c73b-1a63-4d65-9275-cd480ec194b0}</UniqueIdentifier>
    </Filter>
    <Filter Include="sources\core">
      <UniqueIdentifier>{41f5c825-665b-4cdc-b1e9-661dc97f7ad2}</UniqueIdentifier>
    </Filter>
    <Filter Include="sources\extern">
      <UniqueIdentifier>{d72d4758-d5fb-473e-8f01-976b1db18753}</UniqueIdentifier>
    </Filter>
    <Filter Include="sources\extern\irrXML">
      <UniqueIdentifier>{67f55b1e-7632-4062-b2c0-999c0c00c540}</UniqueIdentifier>
    </Filter>
    <Filter Include="sources\extern\zLib">
      <UniqueIdentifier>{4d2d5eda-91bf-4e67-b0a8-50e893166ec9}</UniqueIdentifier>
    </Filter>
    <Filter Include="sources\extern\ConvertUTF">
      <UniqueIdentifier>{f2e0f1b7-667b-4ada-98e7-bd5ea8e273d3}</UniqueIdentifier>
    </Filter>
    <Filter Include="sources\noboost">
      <UniqueIdentifier>{e7e33cfa-94ac-423e-9f6c-9349c84df97f}</UniqueIdentifier>
    </Filter>
    <Filter Include="sources\noboost\tuple">
      <UniqueIdentifier>{18b5f2b0-ef13-4a2b-8c27-835a36e37cc1}</UniqueIdentifier>
    </Filter>
    <Filter Include="sources\noboost\math">
      <UniqueIdentifier>{bf1bfb1e-9b0d-42b6-8f19-8e50cfe6d59d}</UniqueIdentifier>
    </Filter>
    <Filter Include="doc">
      <UniqueIdentifier>{fc03223f-2d6c-4644-92e1-dc6c9b92443b}</UniqueIdentifier>
    </Filter>
    <Filter Include="resources">
      <UniqueIdentifier>{a4286b47-a399-48e4-90b1-ca08be780d15}</UniqueIdentifier>
    </Filter>
  </ItemGroup>
  <ItemGroup>
    <ClInclude Include="..\..\include\Compiler\poppack1.h">
      <Filter>include\Compiler</Filter>
    </ClInclude>
    <ClInclude Include="..\..\code\pstdint.h">
      <Filter>include\Compiler</Filter>
    </ClInclude>
    <ClInclude Include="..\..\include\Compiler\pushpack1.h">
      <Filter>include\Compiler</Filter>
    </ClInclude>
    <ClInclude Include="..\..\include\aiAssert.h">
      <Filter>include\Cpp</Filter>
    </ClInclude>
    <ClInclude Include="..\..\include\assimp.hpp">
      <Filter>include\Cpp</Filter>
    </ClInclude>
    <ClInclude Include="..\..\include\DefaultLogger.h">
      <Filter>include\Cpp</Filter>
    </ClInclude>
    <ClInclude Include="..\..\include\IOStream.h">
      <Filter>include\Cpp</Filter>
    </ClInclude>
    <ClInclude Include="..\..\include\IOSystem.h">
      <Filter>include\Cpp</Filter>
    </ClInclude>
    <ClInclude Include="..\..\include\Logger.h">
      <Filter>include\Cpp</Filter>
    </ClInclude>
    <ClInclude Include="..\..\include\LogStream.h">
      <Filter>include\Cpp</Filter>
    </ClInclude>
    <ClInclude Include="..\..\include\NullLogger.h">
      <Filter>include\Cpp</Filter>
    </ClInclude>
    <ClInclude Include="..\..\include\ProgressHandler.h">
      <Filter>include\Cpp</Filter>
    </ClInclude>
    <ClInclude Include="..\..\include\aiFileIO.h">
      <Filter>include\C</Filter>
    </ClInclude>
    <ClInclude Include="..\..\include\aiVersion.h">
      <Filter>include\C</Filter>
    </ClInclude>
    <ClInclude Include="..\..\include\assimp.h">
      <Filter>include\C</Filter>
    </ClInclude>
    <ClInclude Include="..\..\include\aiAnim.h">
      <Filter>include\Common</Filter>
    </ClInclude>
    <ClInclude Include="..\..\include\aiCamera.h">
      <Filter>include\Common</Filter>
    </ClInclude>
    <ClInclude Include="..\..\include\aiColor4D.h">
      <Filter>include\Common</Filter>
    </ClInclude>
    <ClInclude Include="..\..\include\aiConfig.h">
      <Filter>include\Common</Filter>
    </ClInclude>
    <ClInclude Include="..\..\include\aiDefines.h">
      <Filter>include\Common</Filter>
    </ClInclude>
    <ClInclude Include="..\..\include\aiLight.h">
      <Filter>include\Common</Filter>
    </ClInclude>
    <ClInclude Include="..\..\include\aiMaterial.h">
      <Filter>include\Common</Filter>
    </ClInclude>
    <ClInclude Include="..\..\include\aiMatrix3x3.h">
      <Filter>include\Common</Filter>
    </ClInclude>
    <ClInclude Include="..\..\include\aiMatrix4x4.h">
      <Filter>include\Common</Filter>
    </ClInclude>
    <ClInclude Include="..\..\include\aiMesh.h">
      <Filter>include\Common</Filter>
    </ClInclude>
    <ClInclude Include="..\..\include\aiPostProcess.h">
      <Filter>include\Common</Filter>
    </ClInclude>
    <ClInclude Include="..\..\include\aiQuaternion.h">
      <Filter>include\Common</Filter>
    </ClInclude>
    <ClInclude Include="..\..\include\aiScene.h">
      <Filter>include\Common</Filter>
    </ClInclude>
    <ClInclude Include="..\..\include\aiTexture.h">
      <Filter>include\Common</Filter>
    </ClInclude>
    <ClInclude Include="..\..\include\aiTypes.h">
      <Filter>include\Common</Filter>
    </ClInclude>
    <ClInclude Include="..\..\include\aiVector2D.h">
      <Filter>include\Common</Filter>
    </ClInclude>
    <ClInclude Include="..\..\include\aiVector3D.h">
      <Filter>include\Common</Filter>
    </ClInclude>
    <ClInclude Include="..\..\code\MD4FileData.h">
      <Filter>sources\extra</Filter>
    </ClInclude>
    <ClInclude Include="..\..\code\3DSHelper.h">
      <Filter>sources\import\3ds</Filter>
    </ClInclude>
    <ClInclude Include="..\..\code\3DSLoader.h">
      <Filter>sources\import\3ds</Filter>
    </ClInclude>
    <ClInclude Include="..\..\code\ASELoader.h">
      <Filter>sources\import\ase</Filter>
    </ClInclude>
    <ClInclude Include="..\..\code\ASEParser.h">
      <Filter>sources\import\ase</Filter>
    </ClInclude>
    <ClInclude Include="..\..\code\HMPFileData.h">
      <Filter>sources\import\hmp</Filter>
    </ClInclude>
    <ClInclude Include="..\..\code\HMPLoader.h">
      <Filter>sources\import\hmp</Filter>
    </ClInclude>
    <ClInclude Include="..\..\code\LWOFileData.h">
      <Filter>sources\import\lwo</Filter>
    </ClInclude>
    <ClInclude Include="..\..\code\LWOLoader.h">
      <Filter>sources\import\lwo</Filter>
    </ClInclude>
    <ClInclude Include="..\..\code\MD3FileData.h">
      <Filter>sources\import\md3</Filter>
    </ClInclude>
    <ClInclude Include="..\..\code\MD3Loader.h">
      <Filter>sources\import\md3</Filter>
    </ClInclude>
    <ClInclude Include="..\..\code\MD5Loader.h">
      <Filter>sources\import\md5</Filter>
    </ClInclude>
    <ClInclude Include="..\..\code\MD5Parser.h">
      <Filter>sources\import\md5</Filter>
    </ClInclude>
    <ClInclude Include="..\..\code\MDCFileData.h">
      <Filter>sources\import\mdc</Filter>
    </ClInclude>
    <ClInclude Include="..\..\code\MDCLoader.h">
      <Filter>sources\import\mdc</Filter>
    </ClInclude>
    <ClInclude Include="..\..\code\MDCNormalTable.h">
      <Filter>sources\import\mdc</Filter>
    </ClInclude>
    <ClInclude Include="..\..\code\HalfLifeFileData.h">
      <Filter>sources\import\mdl</Filter>
    </ClInclude>
    <ClInclude Include="..\..\code\MDLDefaultColorMap.h">
      <Filter>sources\import\mdl</Filter>
    </ClInclude>
    <ClInclude Include="..\..\code\MDLFileData.h">
      <Filter>sources\import\mdl</Filter>
    </ClInclude>
    <ClInclude Include="..\..\code\MDLLoader.h">
      <Filter>sources\import\mdl</Filter>
    </ClInclude>
    <ClInclude Include="..\..\code\ObjFileData.h">
      <Filter>sources\import\obj</Filter>
    </ClInclude>
    <ClInclude Include="..\..\code\ObjFileImporter.h">
      <Filter>sources\import\obj</Filter>
    </ClInclude>
    <ClInclude Include="..\..\code\ObjFileMtlImporter.h">
      <Filter>sources\import\obj</Filter>
    </ClInclude>
    <ClInclude Include="..\..\code\ObjFileParser.h">
      <Filter>sources\import\obj</Filter>
    </ClInclude>
    <ClInclude Include="..\..\code\ObjTools.h">
      <Filter>sources\import\obj</Filter>
    </ClInclude>
    <ClInclude Include="..\..\code\PlyLoader.h">
      <Filter>sources\import\ply</Filter>
    </ClInclude>
    <ClInclude Include="..\..\code\PlyParser.h">
      <Filter>sources\import\ply</Filter>
    </ClInclude>
    <ClInclude Include="..\..\code\SMDLoader.h">
      <Filter>sources\import\smd</Filter>
    </ClInclude>
    <ClInclude Include="..\..\code\STLLoader.h">
      <Filter>sources\import\stl</Filter>
    </ClInclude>
    <ClInclude Include="..\..\code\XFileHelper.h">
      <Filter>sources\import\x</Filter>
    </ClInclude>
    <ClInclude Include="..\..\code\XFileImporter.h">
      <Filter>sources\import\x</Filter>
    </ClInclude>
    <ClInclude Include="..\..\code\XFileParser.h">
      <Filter>sources\import\x</Filter>
    </ClInclude>
    <ClInclude Include="..\..\code\DXFLoader.h">
      <Filter>sources\import\dxf</Filter>
    </ClInclude>
    <ClInclude Include="..\..\code\RawLoader.h">
      <Filter>sources\import\raw</Filter>
    </ClInclude>
    <ClInclude Include="..\..\code\NFFLoader.h">
      <Filter>sources\import\nff</Filter>
    </ClInclude>
    <ClInclude Include="..\..\code\OFFLoader.h">
      <Filter>sources\import\off</Filter>
    </ClInclude>
    <ClInclude Include="..\..\code\ACLoader.h">
      <Filter>sources\import\ac</Filter>
    </ClInclude>
    <ClInclude Include="..\..\code\LWOAnimation.h">
      <Filter>sources\import\lws</Filter>
    </ClInclude>
    <ClInclude Include="..\..\code\LWSLoader.h">
      <Filter>sources\import\lws</Filter>
    </ClInclude>
    <ClInclude Include="..\..\code\MD2FileData.h">
      <Filter>sources\import\lws\md2</Filter>
    </ClInclude>
    <ClInclude Include="..\..\code\MD2Loader.h">
      <Filter>sources\import\lws\md2</Filter>
    </ClInclude>
    <ClInclude Include="..\..\code\MD2NormalTable.h">
      <Filter>sources\import\lws\md2</Filter>
    </ClInclude>
    <ClInclude Include="..\..\code\BVHLoader.h">
      <Filter>sources\import\bvh</Filter>
    </ClInclude>
    <ClInclude Include="..\..\code\IRRMeshLoader.h">
      <Filter>sources\import\irrmesh</Filter>
    </ClInclude>
    <ClInclude Include="..\..\code\IRRLoader.h">
      <Filter>sources\import\irr</Filter>
    </ClInclude>
    <ClInclude Include="..\..\code\IRRShared.h">
      <Filter>sources\import\irr</Filter>
    </ClInclude>
    <ClInclude Include="..\..\code\Q3DLoader.h">
      <Filter>sources\import\q3d</Filter>
    </ClInclude>
    <ClInclude Include="..\..\code\B3DImporter.h">
      <Filter>sources\import\b3d</Filter>
    </ClInclude>
    <ClInclude Include="..\..\code\ColladaHelper.h">
      <Filter>sources\import\collada</Filter>
    </ClInclude>
    <ClInclude Include="..\..\code\ColladaLoader.h">
      <Filter>sources\import\collada</Filter>
    </ClInclude>
    <ClInclude Include="..\..\code\ColladaParser.h">
      <Filter>sources\import\collada</Filter>
    </ClInclude>
    <ClInclude Include="..\..\code\TerragenLoader.h">
      <Filter>sources\import\ter</Filter>
    </ClInclude>
    <ClInclude Include="..\..\code\CSMLoader.h">
      <Filter>sources\import\csm</Filter>
    </ClInclude>
    <ClInclude Include="..\..\code\UnrealLoader.h">
      <Filter>sources\import\unreal</Filter>
    </ClInclude>
    <ClInclude Include="..\..\code\NDOLoader.h">
      <Filter>sources\import\ndo</Filter>
    </ClInclude>
    <ClInclude Include="..\..\code\OgreImporter.h">
      <Filter>sources\import\ogre</Filter>
    </ClInclude>
    <ClInclude Include="..\..\code\OgreXmlHelper.h">
      <Filter>sources\import\ogre</Filter>
    </ClInclude>
    <ClInclude Include="..\..\code\MS3DLoader.h">
      <Filter>sources\import\ms3d</Filter>
    </ClInclude>
    <ClInclude Include="..\..\code\COBLoader.h">
      <Filter>sources\import\cob</Filter>
    </ClInclude>
    <ClInclude Include="..\..\code\COBScene.h">
      <Filter>sources\import\cob</Filter>
    </ClInclude>
    <ClInclude Include="..\..\code\BlenderDNA.h">
      <Filter>sources\import\blend</Filter>
    </ClInclude>
    <ClInclude Include="..\..\code\BlenderIntermediate.h">
      <Filter>sources\import\blend</Filter>
    </ClInclude>
    <ClInclude Include="..\..\code\BlenderLoader.h">
      <Filter>sources\import\blend</Filter>
    </ClInclude>
    <ClInclude Include="..\..\code\BlenderModifier.h">
      <Filter>sources\import\blend</Filter>
    </ClInclude>
    <ClInclude Include="..\..\code\BlenderScene.h">
      <Filter>sources\import\blend</Filter>
    </ClInclude>
    <ClInclude Include="..\..\code\BlenderSceneGen.h">
      <Filter>sources\import\blend</Filter>
    </ClInclude>
    <ClInclude Include="..\..\code\Q3BSPFileData.h">
      <Filter>sources\import\q3bsp</Filter>
    </ClInclude>
    <ClInclude Include="..\..\code\Q3BSPFileImporter.h">
      <Filter>sources\import\q3bsp</Filter>
    </ClInclude>
    <ClInclude Include="..\..\code\Q3BSPFileParser.h">
      <Filter>sources\import\q3bsp</Filter>
    </ClInclude>
    <ClInclude Include="..\..\code\Q3BSPZipArchive.h">
      <Filter>sources\import\q3bsp</Filter>
    </ClInclude>
    <ClInclude Include="..\..\code\CalcTangentsProcess.h">
      <Filter>sources\process</Filter>
    </ClInclude>
    <ClInclude Include="..\..\code\ComputeUVMappingProcess.h">
      <Filter>sources\process</Filter>
    </ClInclude>
    <ClInclude Include="..\..\code\ConvertToLHProcess.h">
      <Filter>sources\process</Filter>
    </ClInclude>
    <ClInclude Include="..\..\code\FindDegenerates.h">
      <Filter>sources\process</Filter>
    </ClInclude>
    <ClInclude Include="..\..\code\FindInstancesProcess.h">
      <Filter>sources\process</Filter>
    </ClInclude>
    <ClInclude Include="..\..\code\FindInvalidDataProcess.h">
      <Filter>sources\process</Filter>
    </ClInclude>
    <ClInclude Include="..\..\code\FixNormalsStep.h">
      <Filter>sources\process</Filter>
    </ClInclude>
    <ClInclude Include="..\..\code\GenFaceNormalsProcess.h">
      <Filter>sources\process</Filter>
    </ClInclude>
    <ClInclude Include="..\..\code\GenVertexNormalsProcess.h">
      <Filter>sources\process</Filter>
    </ClInclude>
    <ClInclude Include="..\..\code\ImproveCacheLocality.h">
      <Filter>sources\process</Filter>
    </ClInclude>
    <ClInclude Include="..\..\code\JoinVerticesProcess.h">
      <Filter>sources\process</Filter>
    </ClInclude>
    <ClInclude Include="..\..\code\LimitBoneWeightsProcess.h">
      <Filter>sources\process</Filter>
    </ClInclude>
    <ClInclude Include="..\..\code\OptimizeGraph.h">
      <Filter>sources\process</Filter>
    </ClInclude>
    <ClInclude Include="..\..\code\OptimizeMeshes.h">
      <Filter>sources\process</Filter>
    </ClInclude>
    <ClInclude Include="..\..\code\PretransformVertices.h">
      <Filter>sources\process</Filter>
    </ClInclude>
    <ClInclude Include="..\..\code\ProcessHelper.h">
      <Filter>sources\process</Filter>
    </ClInclude>
    <ClInclude Include="..\..\code\RemoveRedundantMaterials.h">
      <Filter>sources\process</Filter>
    </ClInclude>
    <ClInclude Include="..\..\code\RemoveVCProcess.h">
      <Filter>sources\process</Filter>
    </ClInclude>
    <ClInclude Include="..\..\code\SortByPTypeProcess.h">
      <Filter>sources\process</Filter>
    </ClInclude>
    <ClInclude Include="..\..\code\SplitLargeMeshes.h">
      <Filter>sources\process</Filter>
    </ClInclude>
    <ClInclude Include="..\..\code\TextureTransform.h">
      <Filter>sources\process</Filter>
    </ClInclude>
    <ClInclude Include="..\..\code\TriangulateProcess.h">
      <Filter>sources\process</Filter>
    </ClInclude>
    <ClInclude Include="..\..\code\ValidateDataStructure.h">
      <Filter>sources\process</Filter>
    </ClInclude>
    <ClInclude Include="..\..\code\AssimpPCH.h">
      <Filter>sources\pch</Filter>
    </ClInclude>
    <ClInclude Include="..\..\code\FileLogStream.h">
      <Filter>sources\logging</Filter>
    </ClInclude>
    <ClInclude Include="..\..\code\StdOStreamLogStream.h">
      <Filter>sources\logging</Filter>
    </ClInclude>
    <ClInclude Include="..\..\code\Win32DebugLogStream.h">
      <Filter>sources\logging</Filter>
    </ClInclude>
    <ClInclude Include="..\..\code\DefaultIOStream.h">
      <Filter>sources\fs</Filter>
    </ClInclude>
    <ClInclude Include="..\..\code\DefaultIOSystem.h">
      <Filter>sources\fs</Filter>
    </ClInclude>
    <ClInclude Include="..\..\code\FileSystemFilter.h">
      <Filter>sources\fs</Filter>
    </ClInclude>
    <ClInclude Include="..\..\code\BaseImporter.h">
      <Filter>sources\core</Filter>
    </ClInclude>
    <ClInclude Include="..\..\code\BaseProcess.h">
      <Filter>sources\core</Filter>
    </ClInclude>
    <ClInclude Include="..\..\code\ByteSwap.h">
      <Filter>sources\core</Filter>
    </ClInclude>
    <ClInclude Include="..\..\code\DefaultProgressHandler.h">
      <Filter>sources\core</Filter>
    </ClInclude>
    <ClInclude Include="..\..\code\Exceptional.h">
      <Filter>sources\core</Filter>
    </ClInclude>
    <ClInclude Include="..\..\code\fast_atof.h">
      <Filter>sources\core</Filter>
    </ClInclude>
    <ClInclude Include="..\..\code\GenericProperty.h">
      <Filter>sources\core</Filter>
    </ClInclude>
    <ClInclude Include="..\..\code\Hash.h">
      <Filter>sources\core</Filter>
    </ClInclude>
    <ClInclude Include="..\..\code\IFF.h">
      <Filter>sources\core</Filter>
    </ClInclude>
    <ClInclude Include="..\..\code\LineSplitter.h">
      <Filter>sources\core</Filter>
    </ClInclude>
    <ClInclude Include="..\..\code\MakeVerboseFormat.h">
      <Filter>sources\core</Filter>
    </ClInclude>
    <ClInclude Include="..\..\code\MaterialSystem.h">
      <Filter>sources\core</Filter>
    </ClInclude>
    <ClInclude Include="..\..\code\ParsingUtils.h">
      <Filter>sources\core</Filter>
    </ClInclude>
    <ClInclude Include="..\..\code\Profiler.h">
      <Filter>sources\core</Filter>
    </ClInclude>
    <ClInclude Include="..\..\code\qnan.h">
      <Filter>sources\core</Filter>
    </ClInclude>
    <ClInclude Include="..\..\code\RemoveComments.h">
      <Filter>sources\core</Filter>
    </ClInclude>
    <ClInclude Include="..\..\code\SceneCombiner.h">
      <Filter>sources\core</Filter>
    </ClInclude>
    <ClInclude Include="..\..\code\ScenePreprocessor.h">
      <Filter>sources\core</Filter>
    </ClInclude>
    <ClInclude Include="..\..\code\SGSpatialSort.h">
      <Filter>sources\core</Filter>
    </ClInclude>
    <ClInclude Include="..\..\code\SkeletonMeshBuilder.h">
      <Filter>sources\core</Filter>
    </ClInclude>
    <ClInclude Include="..\..\code\SmoothingGroups.h">
      <Filter>sources\core</Filter>
    </ClInclude>
    <ClInclude Include="..\..\code\SpatialSort.h">
      <Filter>sources\core</Filter>
    </ClInclude>
    <ClInclude Include="..\..\code\StandardShapes.h">
      <Filter>sources\core</Filter>
    </ClInclude>
    <ClInclude Include="..\..\code\StreamReader.h">
      <Filter>sources\core</Filter>
    </ClInclude>
    <ClInclude Include="..\..\code\StringComparison.h">
      <Filter>sources\core</Filter>
    </ClInclude>
    <ClInclude Include="..\..\code\Subdivision.h">
      <Filter>sources\core</Filter>
    </ClInclude>
    <ClInclude Include="..\..\code\TargetAnimation.h">
      <Filter>sources\core</Filter>
    </ClInclude>
    <ClInclude Include="..\..\code\TinyFormatter.h">
      <Filter>sources\core</Filter>
    </ClInclude>
    <ClInclude Include="..\..\code\Vertex.h">
      <Filter>sources\core</Filter>
    </ClInclude>
    <ClInclude Include="..\..\code\VertexTriangleAdjacency.h">
      <Filter>sources\core</Filter>
    </ClInclude>
    <ClInclude Include="..\..\contrib\irrXML\CXMLReaderImpl.h">
      <Filter>sources\extern\irrXML</Filter>
    </ClInclude>
    <ClInclude Include="..\..\contrib\irrXML\fast_atof.h">
      <Filter>sources\extern\irrXML</Filter>
    </ClInclude>
    <ClInclude Include="..\..\contrib\irrXML\heapsort.h">
      <Filter>sources\extern\irrXML</Filter>
    </ClInclude>
    <ClInclude Include="..\..\contrib\irrXML\irrArray.h">
      <Filter>sources\extern\irrXML</Filter>
    </ClInclude>
    <ClInclude Include="..\..\contrib\irrXML\irrString.h">
      <Filter>sources\extern\irrXML</Filter>
    </ClInclude>
    <ClInclude Include="..\..\contrib\irrXML\irrTypes.h">
      <Filter>sources\extern\irrXML</Filter>
    </ClInclude>
    <ClInclude Include="..\..\contrib\irrXML\irrXML.h">
      <Filter>sources\extern\irrXML</Filter>
    </ClInclude>
    <ClInclude Include="..\..\code\irrXMLWrapper.h">
      <Filter>sources\extern\irrXML</Filter>
    </ClInclude>
    <ClInclude Include="..\..\contrib\zlib\crc32.h">
      <Filter>sources\extern\zLib</Filter>
    </ClInclude>
    <ClInclude Include="..\..\contrib\unzip\crypt.h">
      <Filter>sources\extern\zLib</Filter>
    </ClInclude>
    <ClInclude Include="..\..\contrib\zlib\inffast.h">
      <Filter>sources\extern\zLib</Filter>
    </ClInclude>
    <ClInclude Include="..\..\contrib\zlib\inffixed.h">
      <Filter>sources\extern\zLib</Filter>
    </ClInclude>
    <ClInclude Include="..\..\contrib\zlib\inflate.h">
      <Filter>sources\extern\zLib</Filter>
    </ClInclude>
    <ClInclude Include="..\..\contrib\zlib\inftrees.h">
      <Filter>sources\extern\zLib</Filter>
    </ClInclude>
    <ClInclude Include="..\..\contrib\unzip\ioapi.h">
      <Filter>sources\extern\zLib</Filter>
    </ClInclude>
    <ClInclude Include="..\..\contrib\unzip\unzip.h">
      <Filter>sources\extern\zLib</Filter>
    </ClInclude>
    <ClInclude Include="..\..\contrib\zlib\zconf.h">
      <Filter>sources\extern\zLib</Filter>
    </ClInclude>
    <ClInclude Include="..\..\contrib\zlib\zconf.in.h">
      <Filter>sources\extern\zLib</Filter>
    </ClInclude>
    <ClInclude Include="..\..\contrib\zlib\zlib.h">
      <Filter>sources\extern\zLib</Filter>
    </ClInclude>
    <ClInclude Include="..\..\contrib\zlib\zutil.h">
      <Filter>sources\extern\zLib</Filter>
    </ClInclude>
    <ClInclude Include="..\..\contrib\ConvertUTF\ConvertUTF.h">
      <Filter>sources\extern\ConvertUTF</Filter>
    </ClInclude>
    <ClInclude Include="..\..\code\BoostWorkaround\boost\foreach.hpp">
      <Filter>sources\noboost</Filter>
    </ClInclude>
    <ClInclude Include="..\..\code\BoostWorkaround\boost\format.hpp">
      <Filter>sources\noboost</Filter>
    </ClInclude>
    <ClInclude Include="..\..\code\BoostWorkaround\boost\lexical_cast.hpp">
      <Filter>sources\noboost</Filter>
    </ClInclude>
    <ClInclude Include="..\..\code\BoostWorkaround\boost\pointer_cast.hpp">
      <Filter>sources\noboost</Filter>
    </ClInclude>
    <ClInclude Include="..\..\code\BoostWorkaround\boost\scoped_array.hpp">
      <Filter>sources\noboost</Filter>
    </ClInclude>
    <ClInclude Include="..\..\code\BoostWorkaround\boost\scoped_ptr.hpp">
      <Filter>sources\noboost</Filter>
    </ClInclude>
    <ClInclude Include="..\..\code\BoostWorkaround\boost\shared_array.hpp">
      <Filter>sources\noboost</Filter>
    </ClInclude>
    <ClInclude Include="..\..\code\BoostWorkaround\boost\shared_ptr.hpp">
      <Filter>sources\noboost</Filter>
    </ClInclude>
    <ClInclude Include="..\..\code\BoostWorkaround\boost\static_assert.hpp">
      <Filter>sources\noboost</Filter>
    </ClInclude>
    <ClInclude Include="..\..\code\BoostWorkaround\boost\tuple\tuple.hpp">
      <Filter>sources\noboost\tuple</Filter>
    </ClInclude>
    <ClInclude Include="..\..\code\BoostWorkaround\boost\math\common_factor_rt.hpp">
      <Filter>sources\noboost\math</Filter>
    </ClInclude>
    <ClInclude Include="..\..\doc\dox.h">
      <Filter>doc</Filter>
    </ClInclude>
    <ClInclude Include="..\..\code\res\resource.h">
      <Filter>resources</Filter>
    </ClInclude>
  </ItemGroup>
  <ItemGroup>
    <None Include="..\..\include\aiColor4D.inl">
      <Filter>include\Common</Filter>
    </None>
    <None Include="..\..\include\aiMaterial.inl">
      <Filter>include\Common</Filter>
    </None>
    <None Include="..\..\include\aiMatrix3x3.inl">
      <Filter>include\Common</Filter>
    </None>
    <None Include="..\..\include\aiMatrix4x4.inl">
      <Filter>include\Common</Filter>
    </None>
    <None Include="..\..\include\aiVector3D.inl">
      <Filter>include\Common</Filter>
    </None>
    <None Include="..\..\code\BlenderDNA.inl">
      <Filter>sources\import\blend</Filter>
    </None>
    <None Include="..\..\code\SmoothingGroups.inl">
      <Filter>sources\core</Filter>
    </None>
    <None Include="..\..\doc\datastructure.xml">
      <Filter>doc</Filter>
    </None>
    <None Include="..\..\doc\Preamble.txt">
      <Filter>doc</Filter>
    </None>
  </ItemGroup>
  <ItemGroup>
    <ClCompile Include="..\..\code\3DSConverter.cpp">
      <Filter>sources\import\3ds</Filter>
    </ClCompile>
    <ClCompile Include="..\..\code\3DSLoader.cpp">
      <Filter>sources\import\3ds</Filter>
    </ClCompile>
    <ClCompile Include="..\..\code\ASELoader.cpp">
      <Filter>sources\import\ase</Filter>
    </ClCompile>
    <ClCompile Include="..\..\code\ASEParser.cpp">
      <Filter>sources\import\ase</Filter>
    </ClCompile>
    <ClCompile Include="..\..\code\HMPLoader.cpp">
      <Filter>sources\import\hmp</Filter>
    </ClCompile>
    <ClCompile Include="..\..\code\LWOBLoader.cpp">
      <Filter>sources\import\lwo</Filter>
    </ClCompile>
    <ClCompile Include="..\..\code\LWOLoader.cpp">
      <Filter>sources\import\lwo</Filter>
    </ClCompile>
    <ClCompile Include="..\..\code\LWOMaterial.cpp">
      <Filter>sources\import\lwo</Filter>
    </ClCompile>
    <ClCompile Include="..\..\code\MD3Loader.cpp">
      <Filter>sources\import\md3</Filter>
    </ClCompile>
    <ClCompile Include="..\..\code\MD5Loader.cpp">
      <Filter>sources\import\md5</Filter>
    </ClCompile>
    <ClCompile Include="..\..\code\MD5Parser.cpp">
      <Filter>sources\import\md5</Filter>
    </ClCompile>
    <ClCompile Include="..\..\code\MDCLoader.cpp">
      <Filter>sources\import\mdc</Filter>
    </ClCompile>
    <ClCompile Include="..\..\code\MDLLoader.cpp">
      <Filter>sources\import\mdl</Filter>
    </ClCompile>
    <ClCompile Include="..\..\code\MDLMaterialLoader.cpp">
      <Filter>sources\import\mdl</Filter>
    </ClCompile>
    <ClCompile Include="..\..\code\ObjFileImporter.cpp">
      <Filter>sources\import\obj</Filter>
    </ClCompile>
    <ClCompile Include="..\..\code\ObjFileMtlImporter.cpp">
      <Filter>sources\import\obj</Filter>
    </ClCompile>
    <ClCompile Include="..\..\code\ObjFileParser.cpp">
      <Filter>sources\import\obj</Filter>
    </ClCompile>
    <ClCompile Include="..\..\code\PlyLoader.cpp">
      <Filter>sources\import\ply</Filter>
    </ClCompile>
    <ClCompile Include="..\..\code\PlyParser.cpp">
      <Filter>sources\import\ply</Filter>
    </ClCompile>
    <ClCompile Include="..\..\code\SMDLoader.cpp">
      <Filter>sources\import\smd</Filter>
    </ClCompile>
    <ClCompile Include="..\..\code\STLLoader.cpp">
      <Filter>sources\import\stl</Filter>
    </ClCompile>
    <ClCompile Include="..\..\code\XFileImporter.cpp">
      <Filter>sources\import\x</Filter>
    </ClCompile>
    <ClCompile Include="..\..\code\XFileParser.cpp">
      <Filter>sources\import\x</Filter>
    </ClCompile>
    <ClCompile Include="..\..\code\DXFLoader.cpp">
      <Filter>sources\import\dxf</Filter>
    </ClCompile>
    <ClCompile Include="..\..\code\RawLoader.cpp">
      <Filter>sources\import\raw</Filter>
    </ClCompile>
    <ClCompile Include="..\..\code\NFFLoader.cpp">
      <Filter>sources\import\nff</Filter>
    </ClCompile>
    <ClCompile Include="..\..\code\OFFLoader.cpp">
      <Filter>sources\import\off</Filter>
    </ClCompile>
    <ClCompile Include="..\..\code\ACLoader.cpp">
      <Filter>sources\import\ac</Filter>
    </ClCompile>
    <ClCompile Include="..\..\code\LWOAnimation.cpp">
      <Filter>sources\import\lws</Filter>
    </ClCompile>
    <ClCompile Include="..\..\code\LWSLoader.cpp">
      <Filter>sources\import\lws</Filter>
    </ClCompile>
    <ClCompile Include="..\..\code\MD2Loader.cpp">
      <Filter>sources\import\lws\md2</Filter>
    </ClCompile>
    <ClCompile Include="..\..\code\BVHLoader.cpp">
      <Filter>sources\import\bvh</Filter>
    </ClCompile>
    <ClCompile Include="..\..\code\IRRMeshLoader.cpp">
      <Filter>sources\import\irrmesh</Filter>
    </ClCompile>
    <ClCompile Include="..\..\code\IRRLoader.cpp">
      <Filter>sources\import\irr</Filter>
    </ClCompile>
    <ClCompile Include="..\..\code\IRRShared.cpp">
      <Filter>sources\import\irr</Filter>
    </ClCompile>
    <ClCompile Include="..\..\code\Q3DLoader.cpp">
      <Filter>sources\import\q3d</Filter>
    </ClCompile>
    <ClCompile Include="..\..\code\B3DImporter.cpp">
      <Filter>sources\import\b3d</Filter>
    </ClCompile>
    <ClCompile Include="..\..\code\ColladaLoader.cpp">
      <Filter>sources\import\collada</Filter>
    </ClCompile>
    <ClCompile Include="..\..\code\ColladaParser.cpp">
      <Filter>sources\import\collada</Filter>
    </ClCompile>
    <ClCompile Include="..\..\code\TerragenLoader.cpp">
      <Filter>sources\import\ter</Filter>
    </ClCompile>
    <ClCompile Include="..\..\code\CSMLoader.cpp">
      <Filter>sources\import\csm</Filter>
    </ClCompile>
    <ClCompile Include="..\..\code\UnrealLoader.cpp">
      <Filter>sources\import\unreal</Filter>
    </ClCompile>
    <ClCompile Include="..\..\code\NDOLoader.cpp">
      <Filter>sources\import\ndo</Filter>
    </ClCompile>
    <ClCompile Include="..\..\code\OgreImporter.cpp">
      <Filter>sources\import\ogre</Filter>
    </ClCompile>
    <ClCompile Include="..\..\code\OgreImporterMaterial.cpp">
      <Filter>sources\import\ogre</Filter>
    </ClCompile>
    <ClCompile Include="..\..\code\MS3DLoader.cpp">
      <Filter>sources\import\ms3d</Filter>
    </ClCompile>
    <ClCompile Include="..\..\code\COBLoader.cpp">
      <Filter>sources\import\cob</Filter>
    </ClCompile>
    <ClCompile Include="..\..\code\BlenderDNA.cpp">
      <Filter>sources\import\blend</Filter>
    </ClCompile>
    <ClCompile Include="..\..\code\BlenderLoader.cpp">
      <Filter>sources\import\blend</Filter>
    </ClCompile>
    <ClCompile Include="..\..\code\BlenderModifier.cpp">
      <Filter>sources\import\blend</Filter>
    </ClCompile>
    <ClCompile Include="..\..\code\BlenderScene.cpp">
      <Filter>sources\import\blend</Filter>
    </ClCompile>
    <ClCompile Include="..\..\code\Q3BSPFileImporter.cpp">
      <Filter>sources\import\q3bsp</Filter>
    </ClCompile>
    <ClCompile Include="..\..\code\Q3BSPFileParser.cpp">
      <Filter>sources\import\q3bsp</Filter>
    </ClCompile>
    <ClCompile Include="..\..\code\Q3BSPZipArchive.cpp">
      <Filter>sources\import\q3bsp</Filter>
    </ClCompile>
    <ClCompile Include="..\..\code\CalcTangentsProcess.cpp">
      <Filter>sources\process</Filter>
    </ClCompile>
    <ClCompile Include="..\..\code\ComputeUVMappingProcess.cpp">
      <Filter>sources\process</Filter>
    </ClCompile>
    <ClCompile Include="..\..\code\ConvertToLHProcess.cpp">
      <Filter>sources\process</Filter>
    </ClCompile>
    <ClCompile Include="..\..\code\FindDegenerates.cpp">
      <Filter>sources\process</Filter>
    </ClCompile>
    <ClCompile Include="..\..\code\FindInstancesProcess.cpp">
      <Filter>sources\process</Filter>
    </ClCompile>
    <ClCompile Include="..\..\code\FindInvalidDataProcess.cpp">
      <Filter>sources\process</Filter>
    </ClCompile>
    <ClCompile Include="..\..\code\FixNormalsStep.cpp">
      <Filter>sources\process</Filter>
    </ClCompile>
    <ClCompile Include="..\..\code\GenFaceNormalsProcess.cpp">
      <Filter>sources\process</Filter>
    </ClCompile>
    <ClCompile Include="..\..\code\GenVertexNormalsProcess.cpp">
      <Filter>sources\process</Filter>
    </ClCompile>
    <ClCompile Include="..\..\code\ImproveCacheLocality.cpp">
      <Filter>sources\process</Filter>
    </ClCompile>
    <ClCompile Include="..\..\code\JoinVerticesProcess.cpp">
      <Filter>sources\process</Filter>
    </ClCompile>
    <ClCompile Include="..\..\code\LimitBoneWeightsProcess.cpp">
      <Filter>sources\process</Filter>
    </ClCompile>
    <ClCompile Include="..\..\code\OptimizeGraph.cpp">
      <Filter>sources\process</Filter>
    </ClCompile>
    <ClCompile Include="..\..\code\OptimizeMeshes.cpp">
      <Filter>sources\process</Filter>
    </ClCompile>
    <ClCompile Include="..\..\code\PretransformVertices.cpp">
      <Filter>sources\process</Filter>
    </ClCompile>
    <ClCompile Include="..\..\code\RemoveRedundantMaterials.cpp">
      <Filter>sources\process</Filter>
    </ClCompile>
    <ClCompile Include="..\..\code\RemoveVCProcess.cpp">
      <Filter>sources\process</Filter>
    </ClCompile>
    <ClCompile Include="..\..\code\SortByPTypeProcess.cpp">
      <Filter>sources\process</Filter>
    </ClCompile>
    <ClCompile Include="..\..\code\SplitLargeMeshes.cpp">
      <Filter>sources\process</Filter>
    </ClCompile>
    <ClCompile Include="..\..\code\TextureTransform.cpp">
      <Filter>sources\process</Filter>
    </ClCompile>
    <ClCompile Include="..\..\code\TriangulateProcess.cpp">
      <Filter>sources\process</Filter>
    </ClCompile>
    <ClCompile Include="..\..\code\ValidateDataStructure.cpp">
      <Filter>sources\process</Filter>
    </ClCompile>
    <ClCompile Include="..\..\code\AssimpPCH.cpp">
      <Filter>sources\pch</Filter>
    </ClCompile>
    <ClCompile Include="..\..\code\DefaultLogger.cpp">
      <Filter>sources\logging</Filter>
    </ClCompile>
    <ClCompile Include="..\..\code\DefaultIOStream.cpp">
      <Filter>sources\fs</Filter>
    </ClCompile>
    <ClCompile Include="..\..\code\DefaultIOSystem.cpp">
      <Filter>sources\fs</Filter>
    </ClCompile>
    <ClCompile Include="..\..\code\aiAssert.cpp">
      <Filter>sources\core</Filter>
    </ClCompile>
    <ClCompile Include="..\..\code\Assimp.cpp">
      <Filter>sources\core</Filter>
    </ClCompile>
    <ClCompile Include="..\..\code\BaseImporter.cpp">
      <Filter>sources\core</Filter>
    </ClCompile>
    <ClCompile Include="..\..\code\BaseProcess.cpp">
      <Filter>sources\core</Filter>
    </ClCompile>
    <ClCompile Include="..\..\code\Importer.cpp">
      <Filter>sources\core</Filter>
    </ClCompile>
    <ClCompile Include="..\..\code\MakeVerboseFormat.cpp">
      <Filter>sources\core</Filter>
    </ClCompile>
    <ClCompile Include="..\..\code\MaterialSystem.cpp">
      <Filter>sources\core</Filter>
    </ClCompile>
    <ClCompile Include="..\..\code\RemoveComments.cpp">
      <Filter>sources\core</Filter>
    </ClCompile>
    <ClCompile Include="..\..\code\SceneCombiner.cpp">
      <Filter>sources\core</Filter>
    </ClCompile>
    <ClCompile Include="..\..\code\ScenePreprocessor.cpp">
      <Filter>sources\core</Filter>
    </ClCompile>
    <ClCompile Include="..\..\code\SGSpatialSort.cpp">
      <Filter>sources\core</Filter>
    </ClCompile>
    <ClCompile Include="..\..\code\SkeletonMeshBuilder.cpp">
      <Filter>sources\core</Filter>
    </ClCompile>
    <ClCompile Include="..\..\code\SpatialSort.cpp">
      <Filter>sources\core</Filter>
    </ClCompile>
    <ClCompile Include="..\..\code\StandardShapes.cpp">
      <Filter>sources\core</Filter>
    </ClCompile>
    <ClCompile Include="..\..\code\Subdivision.cpp">
      <Filter>sources\core</Filter>
    </ClCompile>
    <ClCompile Include="..\..\code\TargetAnimation.cpp">
      <Filter>sources\core</Filter>
    </ClCompile>
    <ClCompile Include="..\..\code\VertexTriangleAdjacency.cpp">
      <Filter>sources\core</Filter>
    </ClCompile>
    <ClCompile Include="..\..\contrib\irrXML\irrXML.cpp">
      <Filter>sources\extern\irrXML</Filter>
    </ClCompile>
    <ClCompile Include="..\..\contrib\zlib\adler32.c">
      <Filter>sources\extern\zLib</Filter>
    </ClCompile>
    <ClCompile Include="..\..\contrib\zlib\crc32.c">
      <Filter>sources\extern\zLib</Filter>
    </ClCompile>
    <ClCompile Include="..\..\contrib\zlib\inffast.c">
      <Filter>sources\extern\zLib</Filter>
    </ClCompile>
    <ClCompile Include="..\..\contrib\zlib\inflate.c">
      <Filter>sources\extern\zLib</Filter>
    </ClCompile>
    <ClCompile Include="..\..\contrib\zlib\inftrees.c">
      <Filter>sources\extern\zLib</Filter>
    </ClCompile>
    <ClCompile Include="..\..\contrib\unzip\ioapi.c">
      <Filter>sources\extern\zLib</Filter>
    </ClCompile>
    <ClCompile Include="..\..\contrib\unzip\unzip.c">
      <Filter>sources\extern\zLib</Filter>
    </ClCompile>
    <ClCompile Include="..\..\contrib\zlib\zutil.c">
      <Filter>sources\extern\zLib</Filter>
    </ClCompile>
    <ClCompile Include="..\..\contrib\ConvertUTF\ConvertUTF.c">
      <Filter>sources\extern\ConvertUTF</Filter>
    </ClCompile>
  </ItemGroup>
  <ItemGroup>
    <ResourceCompile Include="..\..\code\res\assimp.rc">
      <Filter>resources</Filter>
    </ResourceCompile>
  </ItemGroup>
</Project>